
Microsoft Visual Studio Solution File, Format Version 12.00
Project("{FAE04EC0-301F-11D3-BF4B-00C04F79EFBC}") = "NoorAI.API", "NoorAI.API\NoorAI.API.csproj", "{FFCEF1FC-2D7B-459F-B9F5-36DBF84D6056}"
EndProject
Global
	GlobalSection(SolutionConfigurationPlatforms) = preSolution
		Debug|Any CPU = Debug|Any CPU
		Release|Any CPU = Release|Any CPU
	EndGlobalSection
	GlobalSection(ProjectConfigurationPlatforms) = postSolution
		{FFCEF1FC-2D7B-459F-B9F5-36DBF84D6056}.Debug|Any CPU.ActiveCfg = Debug|Any CPU
		{FFCEF1FC-2D7B-459F-B9F5-36DBF84D6056}.Debug|Any CPU.Build.0 = Debug|Any CPU
		{FFCEF1FC-2D7B-459F-B9F5-36DBF84D6056}.Release|Any CPU.ActiveCfg = Release|Any CPU
		{FFCEF1FC-2D7B-459F-B9F5-36DBF84D6056}.Release|Any CPU.Build.0 = Release|Any CPU
	EndGlobalSection
EndGlobal
